
Microsoft Visual Studio Solution File, Format Version 12.00
# Visual Studio Version 17
VisualStudioVersion = 17.13.35931.197 d17.13
MinimumVisualStudioVersion = 10.0.40219.1
Project("{FAE04EC0-301F-11D3-BF4B-00C04F79EFBC}") = "CadastroAluno", "CadastroAluno\CadastroAluno.csproj", "{267BFF26-88F7-4F0E-A0C8-1C7EADD0F0AD}"
EndProject
Global
	GlobalSection(SolutionConfigurationPlatforms) = preSolution
		Debug|Any CPU = Debug|Any CPU
		Release|Any CPU = Release|Any CPU
	EndGlobalSection
	GlobalSection(ProjectConfigurationPlatforms) = postSolution
		{267BFF26-88F7-4F0E-A0C8-1C7EADD0F0AD}.Debug|Any CPU.ActiveCfg = Debug|Any CPU
		{267BFF26-88F7-4F0E-A0C8-1C7EADD0F0AD}.Debug|Any CPU.Build.0 = Debug|Any CPU
		{267BFF26-88F7-4F0E-A0C8-1C7EADD0F0AD}.Release|Any CPU.ActiveCfg = Release|Any CPU
		{267BFF26-88F7-4F0E-A0C8-1C7EADD0F0AD}.Release|Any CPU.Build.0 = Release|Any CPU
	EndGlobalSection
	GlobalSection(SolutionProperties) = preSolution
		HideSolutionNode = FALSE
	EndGlobalSection
	GlobalSection(ExtensibilityGlobals) = postSolution
		SolutionGuid = {476121D9-9732-4D3F-ADEB-98FF03F6FD40}
	EndGlobalSection
EndGlobal
